
Microsoft Visual Studio Solution File, Format Version 12.00
# Visual Studio Version 17
VisualStudioVersion = 17.2.32630.192
MinimumVisualStudioVersion = 10.0.40219.1
Project("{FAE04EC0-301F-11D3-BF4B-00C04F79EFBC}") = "Bank Application Project", "Bank Application Project\Bank Application Project.csproj", "{6E1752FB-7217-49BA-86F0-73A0782A495E}"
EndProject
Global
	GlobalSection(SolutionConfigurationPlatforms) = preSolution
		Debug|Any CPU = Debug|Any CPU
		Release|Any CPU = Release|Any CPU
	EndGlobalSection
	GlobalSection(ProjectConfigurationPlatforms) = postSolution
		{6E1752FB-7217-49BA-86F0-73A0782A495E}.Debug|Any CPU.ActiveCfg = Debug|Any CPU
		{6E1752FB-7217-49BA-86F0-73A0782A495E}.Debug|Any CPU.Build.0 = Debug|Any CPU
		{6E1752FB-7217-49BA-86F0-73A0782A495E}.Release|Any CPU.ActiveCfg = Release|Any CPU
		{6E1752FB-7217-49BA-86F0-73A0782A495E}.Release|Any CPU.Build.0 = Release|Any CPU
	EndGlobalSection
	GlobalSection(SolutionProperties) = preSolution
		HideSolutionNode = FALSE
	EndGlobalSection
	GlobalSection(ExtensibilityGlobals) = postSolution
		SolutionGuid = {6F326044-92A3-4999-BCBE-C4F61EDBB918}
	EndGlobalSection
EndGlobal
